// !$*UTF8*$!
{
	archiveVersion = 1;
	classes = {
	};
	objectVersion = 46;
	objects = {

/* Begin PBXBuildFile section */
		14A67D171EDCAC99000C1D06 /* AppDelegate.swift in Sources */ = {isa = PBXBuildFile; fileRef = 14A67D161EDCAC99000C1D06 /* AppDelegate.swift */; };
		14A67D191EDCAC99000C1D06 /* ViewController.swift in Sources */ = {isa = PBXBuildFile; fileRef = 14A67D181EDCAC99000C1D06 /* ViewController.swift */; };
		14A67D1C1EDCAC99000C1D06 /* Main.storyboard in Resources */ = {isa = PBXBuildFile; fileRef = 14A67D1A1EDCAC99000C1D06 /* Main.storyboard */; };
		14A67D1E1EDCAC99000C1D06 /* Assets.xcassets in Resources */ = {isa = PBXBuildFile; fileRef = 14A67D1D1EDCAC99000C1D06 /* Assets.xcassets */; };
		14A67D211EDCAC99000C1D06 /* LaunchScreen.storyboard in Resources */ = {isa = PBXBuildFile; fileRef = 14A67D1F1EDCAC99000C1D06 /* LaunchScreen.storyboard */; };
		14A67D391EDCB157000C1D06 /* ViewControllerTests.swift in Sources */ = {isa = PBXBuildFile; fileRef = 14A67D381EDCB157000C1D06 /* ViewControllerTests.swift */; };
/* End PBXBuildFile section */

/* Begin PBXContainerItemProxy section */
		14A67D281EDCAC99000C1D06 /* PBXContainerItemProxy */ = {
			isa = PBXContainerItemProxy;
			containerPortal = 14A67D0B1EDCAC99000C1D06 /* Project object */;
			proxyType = 1;
			remoteGlobalIDString = 14A67D121EDCAC99000C1D06;
			remoteInfo = TDDPrac;
		};
/* End PBXContainerItemProxy section */

/* Begin PBXFileReference section */
		14A67D131EDCAC99000C1D06 /* TDDPrac.app */ = {isa = PBXFileReference; explicitFileType = wrapper.application; includeInIndex = 0; path = TDDPrac.app; sourceTree = BUILT_PRODUCTS_DIR; };
		14A67D161EDCAC99000C1D06 /* AppDelegate.swift */ = {isa = PBXFileReference; lastKnownFileType = sourcecode.swift; path = AppDelegate.swift; sourceTree = "<group>"; };
		14A67D181EDCAC99000C1D06 /* ViewController.swift */ = {isa = PBXFileReference; lastKnownFileType = sourcecode.swift; path = ViewController.swift; sourceTree = "<group>"; };
		14A67D1B1EDCAC99000C1D06 /* Base */ = {isa = PBXFileReference; lastKnownFileType = file.storyboard; name = Base; path = Base.lproj/Main.storyboard; sourceTree = "<group>"; };
		14A67D1D1EDCAC99000C1D06 /* Assets.xcassets */ = {isa = PBXFileReference; lastKnownFileType = folder.assetcatalog; path = Assets.xcassets; sourceTree = "<group>"; };
		14A67D201EDCAC99000C1D06 /* Base */ = {isa = PBXFileReference; lastKnownFileType = file.storyboard; name = Base; path = Base.lproj/LaunchScreen.storyboard; sourceTree = "<group>"; };
		14A67D221EDCAC99000C1D06 /* Info.plist */ = {isa = PBXFileReference; lastKnownFileType = text.plist.xml; path = Info.plist; sourceTree = "<group>"; };
		14A67D271EDCAC99000C1D06 /* TDDPracTests.xctest */ = {isa = PBXFileReference; explicitFileType = wrapper.cfbundle; includeInIndex = 0; path = TDDPracTests.xctest; sourceTree = BUILT_PRODUCTS_DIR; };
		14A67D2D1EDCAC99000C1D06 /* Info.plist */ = {isa = PBXFileReference; lastKnownFileType = text.plist.xml; path = Info.plist; sourceTree = "<group>"; };
		14A67D381EDCB157000C1D06 /* ViewControllerTests.swift */ = {isa = PBXFileReference; fileEncoding = 4; lastKnownFileType = sourcecode.swift; name = ViewControllerTests.swift; path = ../ViewControllerTests.swift; sourceTree = "<group>"; };
/* End PBXFileReference section */

/* Begin PBXFrameworksBuildPhase section */
		14A67D101EDCAC99000C1D06 /* Frameworks */ = {
			isa = PBXFrameworksBuildPhase;
			buildActionMask = 2147483647;
			files = (
			);
			runOnlyForDeploymentPostprocessing = 0;
		};
		14A67D241EDCAC99000C1D06 /* Frameworks */ = {
			isa = PBXFrameworksBuildPhase;
			buildActionMask = 2147483647;
			files = (
			);
			runOnlyForDeploymentPostprocessing = 0;
		};
/* End PBXFrameworksBuildPhase section */

/* Begin PBXGroup section */
		14A67D0A1EDCAC99000C1D06 = {
			isa = PBXGroup;
			children = (
				14A67D151EDCAC99000C1D06 /* TDDPrac */,
				14A67D2A1EDCAC99000C1D06 /* TDDPracTests */,
				14A67D141EDCAC99000C1D06 /* Products */,
			);
			sourceTree = "<group>";
		};
		14A67D141EDCAC99000C1D06 /* Products */ = {
			isa = PBXGroup;
			children = (
				14A67D131EDCAC99000C1D06 /* TDDPrac.app */,
				14A67D271EDCAC99000C1D06 /* TDDPracTests.xctest */,
			);
			name = Products;
			sourceTree = "<group>";
		};
		14A67D151EDCAC99000C1D06 /* TDDPrac */ = {
			isa = PBXGroup;
			children = (
				14A67D161EDCAC99000C1D06 /* AppDelegate.swift */,
				14A67D181EDCAC99000C1D06 /* ViewController.swift */,
				14A67D1A1EDCAC99000C1D06 /* Main.storyboard */,
				14A67D1D1EDCAC99000C1D06 /* Assets.xcassets */,
				14A67D1F1EDCAC99000C1D06 /* LaunchScreen.storyboard */,
				14A67D221EDCAC99000C1D06 /* Info.plist */,
			);
			path = TDDPrac;
			sourceTree = "<group>";
		};
		14A67D2A1EDCAC99000C1D06 /* TDDPracTests */ = {
			isa = PBXGroup;
			children = (
				14A67D381EDCB157000C1D06 /* ViewControllerTests.swift */,
				14A67D2D1EDCAC99000C1D06 /* Info.plist */,
			);
			path = TDDPracTests;
			sourceTree = "<group>";
		};
/* End PBXGroup section */

/* Begin PBXNativeTarget section */
		14A67D121EDCAC99000C1D06 /* TDDPrac */ = {
			isa = PBXNativeTarget;
			buildConfigurationList = 14A67D301EDCAC99000C1D06 /* Build configuration list for PBXNativeTarget "TDDPrac" */;
			buildPhases = (
				14A67D0F1EDCAC99000C1D06 /* Sources */,
				14A67D101EDCAC99000C1D06 /* Frameworks */,
				14A67D111EDCAC99000C1D06 /* Resources */,
			);
			buildRules = (
			);
			dependencies = (
			);
			name = TDDPrac;
			productName = TDDPrac;
			productReference = 14A67D131EDCAC99000C1D06 /* TDDPrac.app */;
			productType = "com.apple.product-type.application";
		};
		14A67D261EDCAC99000C1D06 /* TDDPracTests */ = {
			isa = PBXNativeTarget;
			buildConfigurationList = 14A67D331EDCAC99000C1D06 /* Build configuration list for PBXNativeTarget "TDDPracTests" */;
			buildPhases = (
				14A67D231EDCAC99000C1D06 /* Sources */,
				14A67D241EDCAC99000C1D06 /* Frameworks */,
				14A67D251EDCAC99000C1D06 /* Resources */,
			);
			buildRules = (
			);
			dependencies = (
				14A67D291EDCAC99000C1D06 /* PBXTargetDependency */,
			);
			name = TDDPracTests;
			productName = TDDPracTests;
			productReference = 14A67D271EDCAC99000C1D06 /* TDDPracTests.xctest */;
			productType = "com.apple.product-type.bundle.unit-test";
		};
/* End PBXNativeTarget section */

/* Begin PBXProject section */
		14A67D0B1EDCAC99000C1D06 /* Project object */ = {
			isa = PBXProject;
			attributes = {
				LastSwiftUpdateCheck = 0830;
				LastUpgradeCheck = 0830;
				ORGANIZATIONNAME = LingZT;
				TargetAttributes = {
					14A67D121EDCAC99000C1D06 = {
						CreatedOnToolsVersion = 8.3.2;
						DevelopmentTeam = TM264FVPQ8;
						ProvisioningStyle = Automatic;
					};
					14A67D261EDCAC99000C1D06 = {
						CreatedOnToolsVersion = 8.3.2;
						DevelopmentTeam = TM264FVPQ8;
						LastSwiftMigration = 0830;
						ProvisioningStyle = Automatic;
						TestTargetID = 14A67D121EDCAC99000C1D06;
					};
				};
			};
			buildConfigurationList = 14A67D0E1EDCAC99000C1D06 /* Build configuration list for PBXProject "TDDPrac" */;
			compatibilityVersion = "Xcode 3.2";
			developmentRegion = English;
			hasScannedForEncodings = 0;
			knownRegions = (
				en,
				Base,
			);
			mainGroup = 14A67D0A1EDCAC99000C1D06;
			productRefGroup = 14A67D141EDCAC99000C1D06 /* Products */;
			projectDirPath = "";
			projectRoot = "";
			targets = (
				14A67D121EDCAC99000C1D06 /* TDDPrac */,
				14A67D261EDCAC99000C1D06 /* TDDPracTests */,
			);
		};
/* End PBXProject section */

/* Begin PBXResourcesBuildPhase section */
		14A67D111EDCAC99000C1D06 /* Resources */ = {
			isa = PBXResourcesBuildPhase;
			buildActionMask = 2147483647;
			files = (
				14A67D211EDCAC99000C1D06 /* LaunchScreen.storyboard in Resources */,
				14A67D1E1EDCAC99000C1D06 /* Assets.xcassets in Resources */,
				14A67D1C1EDCAC99000C1D06 /* Main.storyboard in Resources */,
			);
			runOnlyForDeploymentPostprocessing = 0;
		};
		14A67D251EDCAC99000C1D06 /* Resources */ = {
			isa = PBXResourcesBuildPhase;
			buildActionMask = 2147483647;
			files = (
			);
			runOnlyForDeploymentPostprocessing = 0;
		};
/* End PBXResourcesBuildPhase section */

/* Begin PBXSourcesBuildPhase section */
		14A67D0F1EDCAC99000C1D06 /* Sources */ = {
			isa = PBXSourcesBuildPhase;
			buildActionMask = 2147483647;
			files = (
				14A67D191EDCAC99000C1D06 /* ViewController.swift in Sources */,
				14A67D171EDCAC99000C1D06 /* AppDelegate.swift in Sources */,
			);
			runOnlyForDeploymentPostprocessing = 0;
		};
		14A67D231EDCAC99000C1D06 /* Sources */ = {
			isa = PBXSourcesBuildPhase;
			buildActionMask = 2147483647;
			files = (
				14A67D391EDCB157000C1D06 /* ViewControllerTests.swift in Sources */,
			);
			runOnlyForDeploymentPostprocessing = 0;
		};
/* End PBXSourcesBuildPhase section */

/* Begin PBXTargetDependency section */
		14A67D291EDCAC99000C1D06 /* PBXTargetDependency */ = {
			isa = PBXTargetDependency;
			target = 14A67D121EDCAC99000C1D06 /* TDDPrac */;
			targetProxy = 14A67D281EDCAC99000C1D06 /* PBXContainerItemProxy */;
		};
/* End PBXTargetDependency section */

/* Begin PBXVariantGroup section */
		14A67D1A1EDCAC99000C1D06 /* Main.storyboard */ = {
			isa = PBXVariantGroup;
			children = (
				14A67D1B1EDCAC99000C1D06 /* Base */,
			);
			name = Main.storyboard;
			sourceTree = "<group>";
		};
		14A67D1F1EDCAC99000C1D06 /* LaunchScreen.storyboard */ = {
			isa = PBXVariantGroup;
			children = (
				14A67D201EDCAC99000C1D06 /* Base */,
			);
			name = LaunchScreen.storyboard;
			sourceTree = "<group>";
		};
/* End PBXVariantGroup section */

/* Begin XCBuildConfiguration section */
		14A67D2E1EDCAC99000C1D06 /* Debug */ = {
			isa = XCBuildConfiguration;
			buildSettings = {
				ALWAYS_SEARCH_USER_PATHS = NO;
				CLANG_ANALYZER_NONNULL = YES;
				CLANG_ANALYZER_NUMBER_OBJECT_CONVERSION = YES_AGGRESSIVE;
				CLANG_CXX_LANGUAGE_STANDARD = "gnu++0x";
				CLANG_CXX_LIBRARY = "libc++";
				CLANG_ENABLE_MODULES = YES;
				CLANG_ENABLE_OBJC_ARC = YES;
				CLANG_WARN_BOOL_CONVERSION = YES;
				CLANG_WARN_CONSTANT_CONVERSION = YES;
				CLANG_WARN_DIRECT_OBJC_ISA_USAGE = YES_ERROR;
				CLANG_WARN_DOCUMENTATION_COMMENTS = YES;
				CLANG_WARN_EMPTY_BODY = YES;
				CLANG_WARN_ENUM_CONVERSION = YES;
				CLANG_WARN_INFINITE_RECURSION = YES;
				CLANG_WARN_INT_CONVERSION = YES;
				CLANG_WARN_OBJC_ROOT_CLASS = YES_ERROR;
				CLANG_WARN_SUSPICIOUS_MOVE = YES;
				CLANG_WARN_UNREACHABLE_CODE = YES;
				CLANG_WARN__DUPLICATE_METHOD_MATCH = YES;
				"CODE_SIGN_IDENTITY[sdk=iphoneos*]" = "iPhone Developer";
				COPY_PHASE_STRIP = NO;
				DEBUG_INFORMATION_FORMAT = dwarf;
				ENABLE_STRICT_OBJC_MSGSEND = YES;
				ENABLE_TESTABILITY = YES;
				GCC_C_LANGUAGE_STANDARD = gnu99;
				GCC_DYNAMIC_NO_PIC = NO;
				GCC_NO_COMMON_BLOCKS = YES;
				GCC_OPTIMIZATION_LEVEL = 0;
				GCC_PREPROCESSOR_DEFINITIONS = (
					"DEBUG=1",
					"$(inherited)",
				);
				GCC_WARN_64_TO_32_BIT_CONVERSION = YES;
				GCC_WARN_ABOUT_RETURN_TYPE = YES_ERROR;
				GCC_WARN_UNDECLARED_SELECTOR = YES;
				GCC_WARN_UNINITIALIZED_AUTOS = YES_AGGRESSIVE;
				GCC_WARN_UNUSED_FUNCTION = YES;
				GCC_WARN_UNUSED_VARIABLE = YES;
				IPHONEOS_DEPLOYMENT_TARGET = 10.3;
				MTL_ENABLE_DEBUG_INFO = YES;
				ONLY_ACTIVE_ARCH = YES;
				SDKROOT = iphoneos;
				SWIFT_ACTIVE_COMPILATION_CONDITIONS = DEBUG;
				SWIFT_OPTIMIZATION_LEVEL = "-Onone";
				TARGETED_DEVICE_FAMILY = "1,2";
			};
			name = Debug;
		};
		14A67D2F1EDCAC99000C1D06 /* Release */ = {
			isa = XCBuildConfiguration;
			buildSettings = {
				ALWAYS_SEARCH_USER_PATHS = NO;
				CLANG_ANALYZER_NONNULL = YES;
				CLANG_ANALYZER_NUMBER_OBJECT_CONVERSION = YES_AGGRESSIVE;
				CLANG_CXX_LANGUAGE_STANDARD = "gnu++0x";
				CLANG_CXX_LIBRARY = "libc++";
				CLANG_ENABLE_MODULES = YES;
				CLANG_ENABLE_OBJC_ARC = YES;
				CLANG_WARN_BOOL_CONVERSION = YES;
				CLANG_WARN_CONSTANT_CONVERSION = YES;
				CLANG_WARN_DIRECT_OBJC_ISA_USAGE = YES_ERROR;
				CLANG_WARN_DOCUMENTATION_COMMENTS = YES;
				CLANG_WARN_EMPTY_BODY = YES;
				CLANG_WARN_ENUM_CONVERSION = YES;
				CLANG_WARN_INFINITE_RECURSION = YES;
				CLANG_WARN_INT_CONVERSION = YES;
				CLANG_WARN_OBJC_ROOT_CLASS = YES_ERROR;
				CLANG_WARN_SUSPICIOUS_MOVE = YES;
				CLANG_WARN_UNREACHABLE_CODE = YES;
				CLANG_WARN__DUPLICATE_METHOD_MATCH = YES;
				"CODE_SIGN_IDENTITY[sdk=iphoneos*]" = "iPhone Developer";
				COPY_PHASE_STRIP = NO;
				DEBUG_INFORMATION_FORMAT = "dwarf-with-dsym";
				ENABLE_NS_ASSERTIONS = NO;
				ENABLE_STRICT_OBJC_MSGSEND = YES;
				GCC_C_LANGUAGE_STANDARD = gnu99;
				GCC_NO_COMMON_BLOCKS = YES;
				GCC_WARN_64_TO_32_BIT_CONVERSION = YES;
				GCC_WARN_ABOUT_RETURN_TYPE = YES_ERROR;
				GCC_WARN_UNDECLARED_SELECTOR = YES;
				GCC_WARN_UNINITIALIZED_AUTOS = YES_AGGRESSIVE;
				GCC_WARN_UNUSED_FUNCTION = YES;
				GCC_WARN_UNUSED_VARIABLE = YES;
				IPHONEOS_DEPLOYMENT_TARGET = 10.3;
				MTL_ENABLE_DEBUG_INFO = NO;
				SDKROOT = iphoneos;
				SWIFT_OPTIMIZATION_LEVEL = "-Owholemodule";
				TARGETED_DEVICE_FAMILY = "1,2";
				VALIDATE_PRODUCT = YES;
			};
			name = Release;
		};
		14A67D311EDCAC99000C1D06 /* Debug */ = {
			isa = XCBuildConfiguration;
			buildSettings = {
				ASSETCATALOG_COMPILER_APPICON_NAME = AppIcon;
				DEVELOPMENT_TEAM = TM264FVPQ8;
				INFOPLIST_FILE = TDDPrac/Info.plist;
				LD_RUNPATH_SEARCH_PATHS = "$(inherited) @executable_path/Frameworks";
				PRODUCT_BUNDLE_IDENTIFIER = come.LingZT.TDDPrac;
				PRODUCT_NAME = "$(TARGET_NAME)";
				SWIFT_VERSION = 3.0;
			};
			name = Debug;
		};
		14A67D321EDCAC99000C1D06 /* Release */ = {
			isa = XCBuildConfiguration;
			buildSettings = {
				ASSETCATALOG_COMPILER_APPICON_NAME = AppIcon;
				DEVELOPMENT_TEAM = TM264FVPQ8;
				INFOPLIST_FILE = TDDPrac/Info.plist;
				LD_RUNPATH_SEARCH_PATHS = "$(inherited) @executable_path/Frameworks";
				PRODUCT_BUNDLE_IDENTIFIER = come.LingZT.TDDPrac;
				PRODUCT_NAME = "$(TARGET_NAME)";
				SWIFT_VERSION = 3.0;
			};
			name = Release;
		};
		14A67D341EDCAC99000C1D06 /* Debug */ = {
			isa = XCBuildConfiguration;
			buildSettings = {
				ALWAYS_EMBED_SWIFT_STANDARD_LIBRARIES = YES;
				BUNDLE_LOADER = "$(TEST_HOST)";
				CLANG_ENABLE_MODULES = YES;
				DEVELOPMENT_TEAM = TM264FVPQ8;
				INFOPLIST_FILE = TDDPracTests/Info.plist;
				LD_RUNPATH_SEARCH_PATHS = "$(inherited) @executable_path/Frameworks @loader_path/Frameworks";
				PRODUCT_BUNDLE_IDENTIFIER = come.LingZT.TDDPracTests;
				PRODUCT_NAME = "$(TARGET_NAME)";
				SWIFT_OPTIMIZATION_LEVEL = "-Onone";
				SWIFT_VERSION = 3.0;
				TEST_HOST = "$(BUILT_PRODUCTS_DIR)/TDDPrac.app/TDDPrac";
			};
			name = Debug;
		};
		14A67D351EDCAC99000C1D06 /* Release */ = {
			isa = XCBuildConfiguration;
			buildSettings = {
				ALWAYS_EMBED_SWIFT_STANDARD_LIBRARIES = YES;
				BUNDLE_LOADER = "$(TEST_HOST)";
				CLANG_ENABLE_MODULES = YES;
				DEVELOPMENT_TEAM = TM264FVPQ8;
				INFOPLIST_FILE = TDDPracTests/Info.plist;
				LD_RUNPATH_SEARCH_PATHS = "$(inherited) @executable_path/Frameworks @loader_path/Frameworks";
				PRODUCT_BUNDLE_IDENTIFIER = come.LingZT.TDDPracTests;
				PRODUCT_NAME = "$(TARGET_NAME)";
				SWIFT_VERSION = 3.0;
				TEST_HOST = "$(BUILT_PRODUCTS_DIR)/TDDPrac.app/TDDPrac";
			};
			name = Release;
		};
/* End XCBuildConfiguration section */

/* Begin XCConfigurationList section */
		14A67D0E1EDCAC99000C1D06 /* Build configuration list for PBXProject "TDDPrac" */ = {
			isa = XCConfigurationList;
			buildConfigurations = (
				14A67D2E1EDCAC99000C1D06 /* Debug */,
				14A67D2F1EDCAC99000C1D06 /* Release */,
			);
			defaultConfigurationIsVisible = 0;
			defaultConfigurationName = Release;
		};
		14A67D301EDCAC99000C1D06 /* Build configuration list for PBXNativeTarget "TDDPrac" */ = {
			isa = XCConfigurationList;
			buildConfigurations = (
				14A67D311EDCAC99000C1D06 /* Debug */,
				14A67D321EDCAC99000C1D06 /* Release */,
			);
			defaultConfigurationIsVisible = 0;
		};
		14A67D331EDCAC99000C1D06 /* Build configuration list for PBXNativeTarget "TDDPracTests" */ = {
			isa = XCConfigurationList;
			buildConfigurations = (
				14A67D341EDCAC99000C1D06 /* Debug */,
				14A67D351EDCAC99000C1D06 /* Release */,
			);
			defaultConfigurationIsVisible = 0;
		};
/* End XCConfigurationList section */
	};
	rootObject = 14A67D0B1EDCAC99000C1D06 /* Project object */;
}
